
Microsoft Visual Studio Solution File, Format Version 12.00
# Visual Studio Version 17
VisualStudioVersion = 17.8.34330.188
MinimumVisualStudioVersion = 10.0.40219.1
Project("{9A19103F-16F7-4668-BE54-9A1E7A4F7556}") = "Joel-Hiltons-Movies", "Joel-Hiltons-Movies\Joel-Hiltons-Movies.csproj", "{77B89188-9032-4057-879E-F5CF640AD824}"
EndProject
Global
	GlobalSection(SolutionConfigurationPlatforms) = preSolution
		Debug|Any CPU = Debug|Any CPU
		Release|Any CPU = Release|Any CPU
	EndGlobalSection
	GlobalSection(ProjectConfigurationPlatforms) = postSolution
		{77B89188-9032-4057-879E-F5CF640AD824}.Debug|Any CPU.ActiveCfg = Debug|Any CPU
		{77B89188-9032-4057-879E-F5CF640AD824}.Debug|Any CPU.Build.0 = Debug|Any CPU
		{77B89188-9032-4057-879E-F5CF640AD824}.Release|Any CPU.ActiveCfg = Release|Any CPU
		{77B89188-9032-4057-879E-F5CF640AD824}.Release|Any CPU.Build.0 = Release|Any CPU
	EndGlobalSection
	GlobalSection(SolutionProperties) = preSolution
		HideSolutionNode = FALSE
	EndGlobalSection
	GlobalSection(ExtensibilityGlobals) = postSolution
		SolutionGuid = {FD4690C3-3965-4210-9436-A601CCF12F31}
	EndGlobalSection
EndGlobal
